
Microsoft Visual Studio Solution File, Format Version 12.00
# Visual Studio Version 17
VisualStudioVersion = 17.6.33712.159
MinimumVisualStudioVersion = 10.0.40219.1
Project("{FAE04EC0-301F-11D3-BF4B-00C04F79EFBC}") = "eForms-CSharp-Sample-App", "eForms-CSharp-Sample-App.csproj", "{FF04A2AF-E6FA-41AD-9B5F-595B69C963ED}"
EndProject
Global
	GlobalSection(SolutionConfigurationPlatforms) = preSolution
		Debug|Any CPU = Debug|Any CPU
		Release|Any CPU = Release|Any CPU
	EndGlobalSection
	GlobalSection(ProjectConfigurationPlatforms) = postSolution
		{FF04A2AF-E6FA-41AD-9B5F-595B69C963ED}.Debug|Any CPU.ActiveCfg = Debug|Any CPU
		{FF04A2AF-E6FA-41AD-9B5F-595B69C963ED}.Debug|Any CPU.Build.0 = Debug|Any CPU
		{FF04A2AF-E6FA-41AD-9B5F-595B69C963ED}.Release|Any CPU.ActiveCfg = Release|Any CPU
		{FF04A2AF-E6FA-41AD-9B5F-595B69C963ED}.Release|Any CPU.Build.0 = Release|Any CPU
	EndGlobalSection
	GlobalSection(SolutionProperties) = preSolution
		HideSolutionNode = FALSE
	EndGlobalSection
	GlobalSection(ExtensibilityGlobals) = postSolution
		SolutionGuid = {80C9A6B9-0B50-4C53-8C31-4397CF9E7938}
	EndGlobalSection
EndGlobal
